
Microsoft Visual Studio Solution File, Format Version 12.00
# Visual Studio Version 17
VisualStudioVersion = 17.3.32929.385
MinimumVisualStudioVersion = 10.0.40219.1
Project("{FAE04EC0-301F-11D3-BF4B-00C04F79EFBC}") = "DomezyDomotique", "DomezyDomotique\DomezyDomotique.csproj", "{97961EC2-3FE7-40EC-B1AB-C5608443C2CC}"
EndProject
Global
	GlobalSection(SolutionConfigurationPlatforms) = preSolution
		Debug|Any CPU = Debug|Any CPU
		Release|Any CPU = Release|Any CPU
	EndGlobalSection
	GlobalSection(ProjectConfigurationPlatforms) = postSolution
		{97961EC2-3FE7-40EC-B1AB-C5608443C2CC}.Debug|Any CPU.ActiveCfg = Debug|Any CPU
		{97961EC2-3FE7-40EC-B1AB-C5608443C2CC}.Debug|Any CPU.Build.0 = Debug|Any CPU
		{97961EC2-3FE7-40EC-B1AB-C5608443C2CC}.Release|Any CPU.ActiveCfg = Release|Any CPU
		{97961EC2-3FE7-40EC-B1AB-C5608443C2CC}.Release|Any CPU.Build.0 = Release|Any CPU
	EndGlobalSection
	GlobalSection(SolutionProperties) = preSolution
		HideSolutionNode = FALSE
	EndGlobalSection
	GlobalSection(ExtensibilityGlobals) = postSolution
		SolutionGuid = {7E259418-2C21-4F93-9E28-EB5B8015931D}
	EndGlobalSection
EndGlobal
